// !$*UTF8*$!
{
	archiveVersion = 1;
	classes = {
	};
	objectVersion = 50;
	objects = {

/* Begin PBXBuildFile section */
		A105600322C5FCF5000F4BF2 /* Task.swift in Sources */ = {isa = PBXBuildFile; fileRef = A105600222C5FCF5000F4BF2 /* Task.swift */; };
		A105600522C602BF000F4BF2 /* TaskManager.swift in Sources */ = {isa = PBXBuildFile; fileRef = A105600422C602BF000F4BF2 /* TaskManager.swift */; };
		A105600722C614ED000F4BF2 /* TaskDetailViewController.swift in Sources */ = {isa = PBXBuildFile; fileRef = A105600622C614ED000F4BF2 /* TaskDetailViewController.swift */; };
		A1D9851022C20F8200586469 /* AppDelegate.swift in Sources */ = {isa = PBXBuildFile; fileRef = A1D9850F22C20F8200586469 /* AppDelegate.swift */; };
		A1D9851222C20F8200586469 /* HomeScreenViewController.swift in Sources */ = {isa = PBXBuildFile; fileRef = A1D9851122C20F8200586469 /* HomeScreenViewController.swift */; };
		A1D9851522C20F8200586469 /* Main.storyboard in Resources */ = {isa = PBXBuildFile; fileRef = A1D9851322C20F8200586469 /* Main.storyboard */; };
		A1D9851722C20F8400586469 /* Assets.xcassets in Resources */ = {isa = PBXBuildFile; fileRef = A1D9851622C20F8400586469 /* Assets.xcassets */; };
		A1D9851A22C20F8400586469 /* LaunchScreen.storyboard in Resources */ = {isa = PBXBuildFile; fileRef = A1D9851822C20F8400586469 /* LaunchScreen.storyboard */; };
/* End PBXBuildFile section */

/* Begin PBXFileReference section */
		A105600222C5FCF5000F4BF2 /* Task.swift */ = {isa = PBXFileReference; lastKnownFileType = sourcecode.swift; path = Task.swift; sourceTree = "<group>"; };
		A105600422C602BF000F4BF2 /* TaskManager.swift */ = {isa = PBXFileReference; lastKnownFileType = sourcecode.swift; path = TaskManager.swift; sourceTree = "<group>"; };
		A105600622C614ED000F4BF2 /* TaskDetailViewController.swift */ = {isa = PBXFileReference; lastKnownFileType = sourcecode.swift; path = TaskDetailViewController.swift; sourceTree = "<group>"; };
		A1D9850C22C20F8200586469 /* Task Management App.app */ = {isa = PBXFileReference; explicitFileType = wrapper.application; includeInIndex = 0; path = "Task Management App.app"; sourceTree = BUILT_PRODUCTS_DIR; };
		A1D9850F22C20F8200586469 /* AppDelegate.swift */ = {isa = PBXFileReference; lastKnownFileType = sourcecode.swift; path = AppDelegate.swift; sourceTree = "<group>"; };
		A1D9851122C20F8200586469 /* HomeScreenViewController.swift */ = {isa = PBXFileReference; lastKnownFileType = sourcecode.swift; path = HomeScreenViewController.swift; sourceTree = "<group>"; };
		A1D9851422C20F8200586469 /* Base */ = {isa = PBXFileReference; lastKnownFileType = file.storyboard; name = Base; path = Base.lproj/Main.storyboard; sourceTree = "<group>"; };
		A1D9851622C20F8400586469 /* Assets.xcassets */ = {isa = PBXFileReference; lastKnownFileType = folder.assetcatalog; path = Assets.xcassets; sourceTree = "<group>"; };
		A1D9851922C20F8400586469 /* Base */ = {isa = PBXFileReference; lastKnownFileType = file.storyboard; name = Base; path = Base.lproj/LaunchScreen.storyboard; sourceTree = "<group>"; };
		A1D9851B22C20F8400586469 /* Info.plist */ = {isa = PBXFileReference; lastKnownFileType = text.plist.xml; path = Info.plist; sourceTree = "<group>"; };
/* End PBXFileReference section */

/* Begin PBXFrameworksBuildPhase section */
		A1D9850922C20F8200586469 /* Frameworks */ = {
			isa = PBXFrameworksBuildPhase;
			buildActionMask = 2147483647;
			files = (
			);
			runOnlyForDeploymentPostprocessing = 0;
		};
/* End PBXFrameworksBuildPhase section */

/* Begin PBXGroup section */
		A102C8FD22CE68EF001CCF16 /* Controllers */ = {
			isa = PBXGroup;
			children = (
				A1D9851122C20F8200586469 /* HomeScreenViewController.swift */,
				A105600622C614ED000F4BF2 /* TaskDetailViewController.swift */,
			);
			path = Controllers;
			sourceTree = "<group>";
		};
		A102C8FE22CE6932001CCF16 /* Models */ = {
			isa = PBXGroup;
			children = (
				A105600222C5FCF5000F4BF2 /* Task.swift */,
			);
			path = Models;
			sourceTree = "<group>";
		};
		A102C8FF22CE7414001CCF16 /* SupportingFiles */ = {
			isa = PBXGroup;
			children = (
				A1D9851322C20F8200586469 /* Main.storyboard */,
				A1D9851622C20F8400586469 /* Assets.xcassets */,
				A1D9851822C20F8400586469 /* LaunchScreen.storyboard */,
				A1D9851B22C20F8400586469 /* Info.plist */,
			);
			path = SupportingFiles;
			sourceTree = "<group>";
		};
		A102C90022CE743B001CCF16 /* TaskManager */ = {
			isa = PBXGroup;
			children = (
				A105600422C602BF000F4BF2 /* TaskManager.swift */,
			);
			path = TaskManager;
			sourceTree = "<group>";
		};
		A102C90122CE9232001CCF16 /* AppDelegate */ = {
			isa = PBXGroup;
			children = (
				A1D9850F22C20F8200586469 /* AppDelegate.swift */,
			);
			path = AppDelegate;
			sourceTree = "<group>";
		};
		A1D9850322C20F8200586469 = {
			isa = PBXGroup;
			children = (
				A1D9850E22C20F8200586469 /* Task Management App */,
				A1D9850D22C20F8200586469 /* Products */,
			);
			sourceTree = "<group>";
		};
		A1D9850D22C20F8200586469 /* Products */ = {
			isa = PBXGroup;
			children = (
				A1D9850C22C20F8200586469 /* Task Management App.app */,
			);
			name = Products;
			sourceTree = "<group>";
		};
		A1D9850E22C20F8200586469 /* Task Management App */ = {
			isa = PBXGroup;
			children = (
				A102C90122CE9232001CCF16 /* AppDelegate */,
				A102C8FE22CE6932001CCF16 /* Models */,
				A102C90022CE743B001CCF16 /* TaskManager */,
				A102C8FD22CE68EF001CCF16 /* Controllers */,
				A102C8FF22CE7414001CCF16 /* SupportingFiles */,
			);
			path = "Task Management App";
			sourceTree = "<group>";
		};
/* End PBXGroup section */

/* Begin PBXNativeTarget section */
		A1D9850B22C20F8200586469 /* Task Management App */ = {
			isa = PBXNativeTarget;
			buildConfigurationList = A1D9851E22C20F8400586469 /* Build configuration list for PBXNativeTarget "Task Management App" */;
			buildPhases = (
				A1D9850822C20F8200586469 /* Sources */,
				A1D9850922C20F8200586469 /* Frameworks */,
				A1D9850A22C20F8200586469 /* Resources */,
			);
			buildRules = (
			);
			dependencies = (
			);
			name = "Task Management App";
			productName = "Task Management App";
			productReference = A1D9850C22C20F8200586469 /* Task Management App.app */;
			productType = "com.apple.product-type.application";
		};
/* End PBXNativeTarget section */

/* Begin PBXProject section */
		A1D9850422C20F8200586469 /* Project object */ = {
			isa = PBXProject;
			attributes = {
				LastSwiftUpdateCheck = 1010;
				LastUpgradeCheck = 1010;
				ORGANIZATIONNAME = mindfire;
				TargetAttributes = {
					A1D9850B22C20F8200586469 = {
						CreatedOnToolsVersion = 10.1;
					};
				};
			};
			buildConfigurationList = A1D9850722C20F8200586469 /* Build configuration list for PBXProject "Task Management App" */;
			compatibilityVersion = "Xcode 9.3";
			developmentRegion = en;
			hasScannedForEncodings = 0;
			knownRegions = (
				en,
				Base,
			);
			mainGroup = A1D9850322C20F8200586469;
			productRefGroup = A1D9850D22C20F8200586469 /* Products */;
			projectDirPath = "";
			projectRoot = "";
			targets = (
				A1D9850B22C20F8200586469 /* Task Management App */,
			);
		};
/* End PBXProject section */

/* Begin PBXResourcesBuildPhase section */
		A1D9850A22C20F8200586469 /* Resources */ = {
			isa = PBXResourcesBuildPhase;
			buildActionMask = 2147483647;
			files = (
				A1D9851A22C20F8400586469 /* LaunchScreen.storyboard in Resources */,
				A1D9851722C20F8400586469 /* Assets.xcassets in Resources */,
				A1D9851522C20F8200586469 /* Main.storyboard in Resources */,
			);
			runOnlyForDeploymentPostprocessing = 0;
		};
/* End PBXResourcesBuildPhase section */

/* Begin PBXSourcesBuildPhase section */
		A1D9850822C20F8200586469 /* Sources */ = {
			isa = PBXSourcesBuildPhase;
			buildActionMask = 2147483647;
			files = (
				A1D9851222C20F8200586469 /* HomeScreenViewController.swift in Sources */,
				A105600322C5FCF5000F4BF2 /* Task.swift in Sources */,
				A105600522C602BF000F4BF2 /* TaskManager.swift in Sources */,
				A1D9851022C20F8200586469 /* AppDelegate.swift in Sources */,
				A105600722C614ED000F4BF2 /* TaskDetailViewController.swift in Sources */,
			);
			runOnlyForDeploymentPostprocessing = 0;
		};
/* End PBXSourcesBuildPhase section */

/* Begin PBXVariantGroup section */
		A1D9851322C20F8200586469 /* Main.storyboard */ = {
			isa = PBXVariantGroup;
			children = (
				A1D9851422C20F8200586469 /* Base */,
			);
			name = Main.storyboard;
			sourceTree = "<group>";
		};
		A1D9851822C20F8400586469 /* LaunchScreen.storyboard */ = {
			isa = PBXVariantGroup;
			children = (
				A1D9851922C20F8400586469 /* Base */,
			);
			name = LaunchScreen.storyboard;
			sourceTree = "<group>";
		};
/* End PBXVariantGroup section */

/* Begin XCBuildConfiguration section */
		A1D9851C22C20F8400586469 /* Debug */ = {
			isa = XCBuildConfiguration;
			buildSettings = {
				ALWAYS_SEARCH_USER_PATHS = NO;
				CLANG_ANALYZER_NONNULL = YES;
				CLANG_ANALYZER_NUMBER_OBJECT_CONVERSION = YES_AGGRESSIVE;
				CLANG_CXX_LANGUAGE_STANDARD = "gnu++14";
				CLANG_CXX_LIBRARY = "libc++";
				CLANG_ENABLE_MODULES = YES;
				CLANG_ENABLE_OBJC_ARC = YES;
				CLANG_ENABLE_OBJC_WEAK = YES;
				CLANG_WARN_BLOCK_CAPTURE_AUTORELEASING = YES;
				CLANG_WARN_BOOL_CONVERSION = YES;
				CLANG_WARN_COMMA = YES;
				CLANG_WARN_CONSTANT_CONVERSION = YES;
				CLANG_WARN_DEPRECATED_OBJC_IMPLEMENTATIONS = YES;
				CLANG_WARN_DIRECT_OBJC_ISA_USAGE = YES_ERROR;
				CLANG_WARN_DOCUMENTATION_COMMENTS = YES;
				CLANG_WARN_EMPTY_BODY = YES;
				CLANG_WARN_ENUM_CONVERSION = YES;
				CLANG_WARN_INFINITE_RECURSION = YES;
				CLANG_WARN_INT_CONVERSION = YES;
				CLANG_WARN_NON_LITERAL_NULL_CONVERSION = YES;
				CLANG_WARN_OBJC_IMPLICIT_RETAIN_SELF = YES;
				CLANG_WARN_OBJC_LITERAL_CONVERSION = YES;
				CLANG_WARN_OBJC_ROOT_CLASS = YES_ERROR;
				CLANG_WARN_RANGE_LOOP_ANALYSIS = YES;
				CLANG_WARN_STRICT_PROTOTYPES = YES;
				CLANG_WARN_SUSPICIOUS_MOVE = YES;
				CLANG_WARN_UNGUARDED_AVAILABILITY = YES_AGGRESSIVE;
				CLANG_WARN_UNREACHABLE_CODE = YES;
				CLANG_WARN__DUPLICATE_METHOD_MATCH = YES;
				CODE_SIGN_IDENTITY = "iPhone Developer";
				COPY_PHASE_STRIP = NO;
				DEBUG_INFORMATION_FORMAT = dwarf;
				ENABLE_STRICT_OBJC_MSGSEND = YES;
				ENABLE_TESTABILITY = YES;
				GCC_C_LANGUAGE_STANDARD = gnu11;
				GCC_DYNAMIC_NO_PIC = NO;
				GCC_NO_COMMON_BLOCKS = YES;
				GCC_OPTIMIZATION_LEVEL = 0;
				GCC_PREPROCESSOR_DEFINITIONS = (
					"DEBUG=1",
					"$(inherited)",
				);
				GCC_WARN_64_TO_32_BIT_CONVERSION = YES;
				GCC_WARN_ABOUT_RETURN_TYPE = YES_ERROR;
				GCC_WARN_UNDECLARED_SELECTOR = YES;
				GCC_WARN_UNINITIALIZED_AUTOS = YES_AGGRESSIVE;
				GCC_WARN_UNUSED_FUNCTION = YES;
				GCC_WARN_UNUSED_VARIABLE = YES;
				IPHONEOS_DEPLOYMENT_TARGET = 12.1;
				MTL_ENABLE_DEBUG_INFO = INCLUDE_SOURCE;
				MTL_FAST_MATH = YES;
				ONLY_ACTIVE_ARCH = YES;
				SDKROOT = iphoneos;
				SWIFT_ACTIVE_COMPILATION_CONDITIONS = DEBUG;
				SWIFT_OPTIMIZATION_LEVEL = "-Onone";
			};
			name = Debug;
		};
		A1D9851D22C20F8400586469 /* Release */ = {
			isa = XCBuildConfiguration;
			buildSettings = {
				ALWAYS_SEARCH_USER_PATHS = NO;
				CLANG_ANALYZER_NONNULL = YES;
				CLANG_ANALYZER_NUMBER_OBJECT_CONVERSION = YES_AGGRESSIVE;
				CLANG_CXX_LANGUAGE_STANDARD = "gnu++14";
				CLANG_CXX_LIBRARY = "libc++";
				CLANG_ENABLE_MODULES = YES;
				CLANG_ENABLE_OBJC_ARC = YES;
				CLANG_ENABLE_OBJC_WEAK = YES;
				CLANG_WARN_BLOCK_CAPTURE_AUTORELEASING = YES;
				CLANG_WARN_BOOL_CONVERSION = YES;
				CLANG_WARN_COMMA = YES;
				CLANG_WARN_CONSTANT_CONVERSION = YES;
				CLANG_WARN_DEPRECATED_OBJC_IMPLEMENTATIONS = YES;
				CLANG_WARN_DIRECT_OBJC_ISA_USAGE = YES_ERROR;
				CLANG_WARN_DOCUMENTATION_COMMENTS = YES;
				CLANG_WARN_EMPTY_BODY = YES;
				CLANG_WARN_ENUM_CONVERSION = YES;
				CLANG_WARN_INFINITE_RECURSION = YES;
				CLANG_WARN_INT_CONVERSION = YES;
				CLANG_WARN_NON_LITERAL_NULL_CONVERSION = YES;
				CLANG_WARN_OBJC_IMPLICIT_RETAIN_SELF = YES;
				CLANG_WARN_OBJC_LITERAL_CONVERSION = YES;
				CLANG_WARN_OBJC_ROOT_CLASS = YES_ERROR;
				CLANG_WARN_RANGE_LOOP_ANALYSIS = YES;
				CLANG_WARN_STRICT_PROTOTYPES = YES;
				CLANG_WARN_SUSPICIOUS_MOVE = YES;
				CLANG_WARN_UNGUARDED_AVAILABILITY = YES_AGGRESSIVE;
				CLANG_WARN_UNREACHABLE_CODE = YES;
				CLANG_WARN__DUPLICATE_METHOD_MATCH = YES;
				CODE_SIGN_IDENTITY = "iPhone Developer";
				COPY_PHASE_STRIP = NO;
				DEBUG_INFORMATION_FORMAT = "dwarf-with-dsym";
				ENABLE_NS_ASSERTIONS = NO;
				ENABLE_STRICT_OBJC_MSGSEND = YES;
				GCC_C_LANGUAGE_STANDARD = gnu11;
				GCC_NO_COMMON_BLOCKS = YES;
				GCC_WARN_64_TO_32_BIT_CONVERSION = YES;
				GCC_WARN_ABOUT_RETURN_TYPE = YES_ERROR;
				GCC_WARN_UNDECLARED_SELECTOR = YES;
				GCC_WARN_UNINITIALIZED_AUTOS = YES_AGGRESSIVE;
				GCC_WARN_UNUSED_FUNCTION = YES;
				GCC_WARN_UNUSED_VARIABLE = YES;
				IPHONEOS_DEPLOYMENT_TARGET = 12.1;
				MTL_ENABLE_DEBUG_INFO = NO;
				MTL_FAST_MATH = YES;
				SDKROOT = iphoneos;
				SWIFT_COMPILATION_MODE = wholemodule;
				SWIFT_OPTIMIZATION_LEVEL = "-O";
				VALIDATE_PRODUCT = YES;
			};
			name = Release;
		};
		A1D9851F22C20F8400586469 /* Debug */ = {
			isa = XCBuildConfiguration;
			buildSettings = {
				ASSETCATALOG_COMPILER_APPICON_NAME = AppIcon;
				CODE_SIGN_STYLE = Automatic;
				INFOPLIST_FILE = "$(SRCROOT)/Task Management App/SupportingFiles/Info.plist";
				LD_RUNPATH_SEARCH_PATHS = (
					"$(inherited)",
					"@executable_path/Frameworks",
				);
				PRODUCT_BUNDLE_IDENTIFIER = "vinay-taskmgmt.Task-Management-App";
				PRODUCT_NAME = "$(TARGET_NAME)";
				SWIFT_VERSION = 4.2;
				TARGETED_DEVICE_FAMILY = "1,2";
			};
			name = Debug;
		};
		A1D9852022C20F8400586469 /* Release */ = {
			isa = XCBuildConfiguration;
			buildSettings = {
				ASSETCATALOG_COMPILER_APPICON_NAME = AppIcon;
				CODE_SIGN_STYLE = Automatic;
				INFOPLIST_FILE = "$(SRCROOT)/Task Management App/SupportingFiles/Info.plist";
				LD_RUNPATH_SEARCH_PATHS = (
					"$(inherited)",
					"@executable_path/Frameworks",
				);
				PRODUCT_BUNDLE_IDENTIFIER = "vinay-taskmgmt.Task-Management-App";
				PRODUCT_NAME = "$(TARGET_NAME)";
				SWIFT_VERSION = 4.2;
				TARGETED_DEVICE_FAMILY = "1,2";
			};
			name = Release;
		};
/* End XCBuildConfiguration section */

/* Begin XCConfigurationList section */
		A1D9850722C20F8200586469 /* Build configuration list for PBXProject "Task Management App" */ = {
			isa = XCConfigurationList;
			buildConfigurations = (
				A1D9851C22C20F8400586469 /* Debug */,
				A1D9851D22C20F8400586469 /* Release */,
			);
			defaultConfigurationIsVisible = 0;
			defaultConfigurationName = Release;
		};
		A1D9851E22C20F8400586469 /* Build configuration list for PBXNativeTarget "Task Management App" */ = {
			isa = XCConfigurationList;
			buildConfigurations = (
				A1D9851F22C20F8400586469 /* Debug */,
				A1D9852022C20F8400586469 /* Release */,
			);
			defaultConfigurationIsVisible = 0;
			defaultConfigurationName = Release;
		};
/* End XCConfigurationList section */
	};
	rootObject = A1D9850422C20F8200586469 /* Project object */;
}
